
Microsoft Visual Studio Solution File, Format Version 12.00
# Visual Studio 2012
Project("{FAE04EC0-301F-11D3-BF4B-00C04F79EFBC}") = "FlappTheBird_JS", "FlappTheBird_JS\FlappTheBird_JS.csproj", "{FA127031-5B86-4131-BB73-B798E4749DAC}"
EndProject
Global
	GlobalSection(SolutionConfigurationPlatforms) = preSolution
		Debug|Any CPU = Debug|Any CPU
		Release|Any CPU = Release|Any CPU
	EndGlobalSection
	GlobalSection(ProjectConfigurationPlatforms) = postSolution
		{FA127031-5B86-4131-BB73-B798E4749DAC}.Debug|Any CPU.ActiveCfg = Debug|Any CPU
		{FA127031-5B86-4131-BB73-B798E4749DAC}.Debug|Any CPU.Build.0 = Debug|Any CPU
		{FA127031-5B86-4131-BB73-B798E4749DAC}.Release|Any CPU.ActiveCfg = Release|Any CPU
		{FA127031-5B86-4131-BB73-B798E4749DAC}.Release|Any CPU.Build.0 = Release|Any CPU
	EndGlobalSection
	GlobalSection(SolutionProperties) = preSolution
		HideSolutionNode = FALSE
	EndGlobalSection
EndGlobal
